
Microsoft Visual Studio Solution File, Format Version 12.00
# Visual Studio Version 16
VisualStudioVersion = 16.0.29806.167
MinimumVisualStudioVersion = 10.0.40219.1
Project("{2150E333-8FDC-42A3-9474-1A3956D46DE8}") = "Cores", "Cores", "{0322C297-42F8-4F2D-9B23-BC3F309B1CED}"
EndProject
Project("{9A19103F-16F7-4668-BE54-9A1E7A4F7556}") = "Tenjin.Apis", "Cores\Tenjin.Apis\Tenjin.Apis.csproj", "{A0C50D34-333C-4AE8-AF7F-E497940F81C1}"
EndProject
Project("{9A19103F-16F7-4668-BE54-9A1E7A4F7556}") = "Tenjin.Contracts", "Cores\Tenjin.Contracts\Tenjin.Contracts.csproj", "{B8984AEE-8242-4717-8796-5C6101AA4325}"
EndProject
Project("{9A19103F-16F7-4668-BE54-9A1E7A4F7556}") = "Tenjin.Helpers", "Cores\Tenjin.Helpers\Tenjin.Helpers.csproj", "{8256A3E2-87F3-48B1-A3F1-E1875573C434}"
EndProject
Project("{9A19103F-16F7-4668-BE54-9A1E7A4F7556}") = "Tenjin.Models", "Cores\Tenjin.Models\Tenjin.Models.csproj", "{4E993DC0-EB11-4A8B-97F2-5947988713B7}"
EndProject
Project("{9A19103F-16F7-4668-BE54-9A1E7A4F7556}") = "Tenjin.Reflections", "Cores\Tenjin.Reflections\Tenjin.Reflections.csproj", "{FEC39183-CB1B-4EE6-A5E0-A46FC9275BAA}"
EndProject
Project("{9A19103F-16F7-4668-BE54-9A1E7A4F7556}") = "Tenjin.Services", "Cores\Tenjin.Services\Tenjin.Services.csproj", "{DE9E7F56-AE8E-4A6A-A69B-5DF2BBD66A3F}"
EndProject
Project("{2150E333-8FDC-42A3-9474-1A3956D46DE8}") = "Tools", "Tools", "{2855A52A-C318-40CF-8AFC-557325D4A860}"
EndProject
Project("{FAE04EC0-301F-11D3-BF4B-00C04F79EFBC}") = "Tenjin.Sys.Tools", "Tools\Tenjin.Sys.Tools\Tenjin.Sys.Tools.csproj", "{62CF6678-B675-47A8-AB82-39E80D526A64}"
EndProject
Project("{2150E333-8FDC-42A3-9474-1A3956D46DE8}") = "Sys", "Sys", "{6B564B1C-81EF-4621-B359-6FFCCE48BFDC}"
EndProject
Project("{9A19103F-16F7-4668-BE54-9A1E7A4F7556}") = "Tenjin.Sys.Apis", "Sys\Tenjin.Sys.Apis\Tenjin.Sys.Apis.csproj", "{E76F72C1-5BAB-4B3F-A030-EA744F84B158}"
EndProject
Project("{9A19103F-16F7-4668-BE54-9A1E7A4F7556}") = "Tenjin.Sys.Contracts", "Sys\Tenjin.Sys.Contracts\Tenjin.Sys.Contracts.csproj", "{281C9110-655D-4D4E-BE0F-EE403777CECD}"
EndProject
Project("{9A19103F-16F7-4668-BE54-9A1E7A4F7556}") = "Tenjin.Sys.Helpers", "Sys\Tenjin.Sys.Helpers\Tenjin.Sys.Helpers.csproj", "{5D1EDAC7-51E2-4293-8CEC-850992B78FC5}"
EndProject
Project("{9A19103F-16F7-4668-BE54-9A1E7A4F7556}") = "Tenjin.Sys.Models", "Sys\Tenjin.Sys.Models\Tenjin.Sys.Models.csproj", "{BFC45D00-34B5-4504-BF03-B30F9F38DE29}"
EndProject
Project("{9A19103F-16F7-4668-BE54-9A1E7A4F7556}") = "Tenjin.Sys.Services", "Sys\Tenjin.Sys.Services\Tenjin.Sys.Services.csproj", "{A37F8F50-FDAE-41EB-B84F-B92206310AEA}"
EndProject
Global
	GlobalSection(SolutionConfigurationPlatforms) = preSolution
		Debug|Any CPU = Debug|Any CPU
		Release|Any CPU = Release|Any CPU
	EndGlobalSection
	GlobalSection(ProjectConfigurationPlatforms) = postSolution
		{A0C50D34-333C-4AE8-AF7F-E497940F81C1}.Debug|Any CPU.ActiveCfg = Debug|Any CPU
		{A0C50D34-333C-4AE8-AF7F-E497940F81C1}.Debug|Any CPU.Build.0 = Debug|Any CPU
		{A0C50D34-333C-4AE8-AF7F-E497940F81C1}.Release|Any CPU.ActiveCfg = Release|Any CPU
		{A0C50D34-333C-4AE8-AF7F-E497940F81C1}.Release|Any CPU.Build.0 = Release|Any CPU
		{B8984AEE-8242-4717-8796-5C6101AA4325}.Debug|Any CPU.ActiveCfg = Debug|Any CPU
		{B8984AEE-8242-4717-8796-5C6101AA4325}.Debug|Any CPU.Build.0 = Debug|Any CPU
		{B8984AEE-8242-4717-8796-5C6101AA4325}.Release|Any CPU.ActiveCfg = Release|Any CPU
		{B8984AEE-8242-4717-8796-5C6101AA4325}.Release|Any CPU.Build.0 = Release|Any CPU
		{8256A3E2-87F3-48B1-A3F1-E1875573C434}.Debug|Any CPU.ActiveCfg = Debug|Any CPU
		{8256A3E2-87F3-48B1-A3F1-E1875573C434}.Debug|Any CPU.Build.0 = Debug|Any CPU
		{8256A3E2-87F3-48B1-A3F1-E1875573C434}.Release|Any CPU.ActiveCfg = Release|Any CPU
		{8256A3E2-87F3-48B1-A3F1-E1875573C434}.Release|Any CPU.Build.0 = Release|Any CPU
		{4E993DC0-EB11-4A8B-97F2-5947988713B7}.Debug|Any CPU.ActiveCfg = Debug|Any CPU
		{4E993DC0-EB11-4A8B-97F2-5947988713B7}.Debug|Any CPU.Build.0 = Debug|Any CPU
		{4E993DC0-EB11-4A8B-97F2-5947988713B7}.Release|Any CPU.ActiveCfg = Release|Any CPU
		{4E993DC0-EB11-4A8B-97F2-5947988713B7}.Release|Any CPU.Build.0 = Release|Any CPU
		{FEC39183-CB1B-4EE6-A5E0-A46FC9275BAA}.Debug|Any CPU.ActiveCfg = Debug|Any CPU
		{FEC39183-CB1B-4EE6-A5E0-A46FC9275BAA}.Debug|Any CPU.Build.0 = Debug|Any CPU
		{FEC39183-CB1B-4EE6-A5E0-A46FC9275BAA}.Release|Any CPU.ActiveCfg = Release|Any CPU
		{FEC39183-CB1B-4EE6-A5E0-A46FC9275BAA}.Release|Any CPU.Build.0 = Release|Any CPU
		{DE9E7F56-AE8E-4A6A-A69B-5DF2BBD66A3F}.Debug|Any CPU.ActiveCfg = Debug|Any CPU
		{DE9E7F56-AE8E-4A6A-A69B-5DF2BBD66A3F}.Debug|Any CPU.Build.0 = Debug|Any CPU
		{DE9E7F56-AE8E-4A6A-A69B-5DF2BBD66A3F}.Release|Any CPU.ActiveCfg = Release|Any CPU
		{DE9E7F56-AE8E-4A6A-A69B-5DF2BBD66A3F}.Release|Any CPU.Build.0 = Release|Any CPU
		{62CF6678-B675-47A8-AB82-39E80D526A64}.Debug|Any CPU.ActiveCfg = Debug|Any CPU
		{62CF6678-B675-47A8-AB82-39E80D526A64}.Debug|Any CPU.Build.0 = Debug|Any CPU
		{62CF6678-B675-47A8-AB82-39E80D526A64}.Release|Any CPU.ActiveCfg = Release|Any CPU
		{62CF6678-B675-47A8-AB82-39E80D526A64}.Release|Any CPU.Build.0 = Release|Any CPU
		{E76F72C1-5BAB-4B3F-A030-EA744F84B158}.Debug|Any CPU.ActiveCfg = Debug|Any CPU
		{E76F72C1-5BAB-4B3F-A030-EA744F84B158}.Debug|Any CPU.Build.0 = Debug|Any CPU
		{E76F72C1-5BAB-4B3F-A030-EA744F84B158}.Release|Any CPU.ActiveCfg = Release|Any CPU
		{E76F72C1-5BAB-4B3F-A030-EA744F84B158}.Release|Any CPU.Build.0 = Release|Any CPU
		{281C9110-655D-4D4E-BE0F-EE403777CECD}.Debug|Any CPU.ActiveCfg = Debug|Any CPU
		{281C9110-655D-4D4E-BE0F-EE403777CECD}.Debug|Any CPU.Build.0 = Debug|Any CPU
		{281C9110-655D-4D4E-BE0F-EE403777CECD}.Release|Any CPU.ActiveCfg = Release|Any CPU
		{281C9110-655D-4D4E-BE0F-EE403777CECD}.Release|Any CPU.Build.0 = Release|Any CPU
		{5D1EDAC7-51E2-4293-8CEC-850992B78FC5}.Debug|Any CPU.ActiveCfg = Debug|Any CPU
		{5D1EDAC7-51E2-4293-8CEC-850992B78FC5}.Debug|Any CPU.Build.0 = Debug|Any CPU
		{5D1EDAC7-51E2-4293-8CEC-850992B78FC5}.Release|Any CPU.ActiveCfg = Release|Any CPU
		{5D1EDAC7-51E2-4293-8CEC-850992B78FC5}.Release|Any CPU.Build.0 = Release|Any CPU
		{BFC45D00-34B5-4504-BF03-B30F9F38DE29}.Debug|Any CPU.ActiveCfg = Debug|Any CPU
		{BFC45D00-34B5-4504-BF03-B30F9F38DE29}.Debug|Any CPU.Build.0 = Debug|Any CPU
		{BFC45D00-34B5-4504-BF03-B30F9F38DE29}.Release|Any CPU.ActiveCfg = Release|Any CPU
		{BFC45D00-34B5-4504-BF03-B30F9F38DE29}.Release|Any CPU.Build.0 = Release|Any CPU
		{A37F8F50-FDAE-41EB-B84F-B92206310AEA}.Debug|Any CPU.ActiveCfg = Debug|Any CPU
		{A37F8F50-FDAE-41EB-B84F-B92206310AEA}.Debug|Any CPU.Build.0 = Debug|Any CPU
		{A37F8F50-FDAE-41EB-B84F-B92206310AEA}.Release|Any CPU.ActiveCfg = Release|Any CPU
		{A37F8F50-FDAE-41EB-B84F-B92206310AEA}.Release|Any CPU.Build.0 = Release|Any CPU
	EndGlobalSection
	GlobalSection(SolutionProperties) = preSolution
		HideSolutionNode = FALSE
	EndGlobalSection
	GlobalSection(NestedProjects) = preSolution
		{A0C50D34-333C-4AE8-AF7F-E497940F81C1} = {0322C297-42F8-4F2D-9B23-BC3F309B1CED}
		{B8984AEE-8242-4717-8796-5C6101AA4325} = {0322C297-42F8-4F2D-9B23-BC3F309B1CED}
		{8256A3E2-87F3-48B1-A3F1-E1875573C434} = {0322C297-42F8-4F2D-9B23-BC3F309B1CED}
		{4E993DC0-EB11-4A8B-97F2-5947988713B7} = {0322C297-42F8-4F2D-9B23-BC3F309B1CED}
		{FEC39183-CB1B-4EE6-A5E0-A46FC9275BAA} = {0322C297-42F8-4F2D-9B23-BC3F309B1CED}
		{DE9E7F56-AE8E-4A6A-A69B-5DF2BBD66A3F} = {0322C297-42F8-4F2D-9B23-BC3F309B1CED}
		{62CF6678-B675-47A8-AB82-39E80D526A64} = {2855A52A-C318-40CF-8AFC-557325D4A860}
		{E76F72C1-5BAB-4B3F-A030-EA744F84B158} = {6B564B1C-81EF-4621-B359-6FFCCE48BFDC}
		{281C9110-655D-4D4E-BE0F-EE403777CECD} = {6B564B1C-81EF-4621-B359-6FFCCE48BFDC}
		{5D1EDAC7-51E2-4293-8CEC-850992B78FC5} = {6B564B1C-81EF-4621-B359-6FFCCE48BFDC}
		{BFC45D00-34B5-4504-BF03-B30F9F38DE29} = {6B564B1C-81EF-4621-B359-6FFCCE48BFDC}
		{A37F8F50-FDAE-41EB-B84F-B92206310AEA} = {6B564B1C-81EF-4621-B359-6FFCCE48BFDC}
	EndGlobalSection
	GlobalSection(ExtensibilityGlobals) = postSolution
		SolutionGuid = {DA3BC549-25E2-4AF5-A2C8-2A778EA868E6}
	EndGlobalSection
EndGlobal
